{
  "name": "@skullbite/hibiscus",
  "version": "1.0.17",
  "lockfileVersion": 1,
  "requires": true,
  "dependencies": {
    "eris": {
      "version": "0.13.3",
      "resolved": "https://registry.npmjs.org/eris/-/eris-0.13.3.tgz",
      "integrity": "sha512-WBtLyknOWZpYZL9yPhez0oKUWvYpunSg43hGxawwjwSf3gFXmbEPYrT8KlmZXtpJnX16eQ7mzIq+MgSh3LarEg==",
      "requires": {
        "opusscript": "^0.0.7",
        "tweetnacl": "^1.0.1",
        "ws": "^7.2.1"
      }
    },
    "eris-collector": {
      "version": "1.0.1",
      "resolved": "https://registry.npmjs.org/eris-collector/-/eris-collector-1.0.1.tgz",
      "integrity": "sha512-qAuIP8//rMaTFs/3J7Ggk2tzWuNbFqJsAP8DuT9MLpNYc6f0u+Cifpa06//oxGQOWl4sWY1+0ncJDfRvlz2PMg==",
      "requires": {
        "events": "^3.1.0"
      }
    },
    "events": {
      "version": "3.2.0",
      "resolved": "https://registry.npmjs.org/events/-/events-3.2.0.tgz",
      "integrity": "sha512-/46HWwbfCX2xTawVfkKLGxMifJYQBWMwY1mjywRtb4c9x8l5NP3KoJtnIOiL1hfdRkIuYhETxQlo62IF8tcnlg=="
    },
    "opusscript": {
      "version": "0.0.7",
      "resolved": "https://registry.npmjs.org/opusscript/-/opusscript-0.0.7.tgz",
      "integrity": "sha512-DcBadTdYTUuH9zQtepsLjQn4Ll6rs3dmeFvN+SD0ThPnxRBRm/WC1zXWPg+wgAJimB784gdZvUMA57gDP7FdVg==",
      "optional": true
    },
    "tweetnacl": {
      "version": "1.0.3",
      "resolved": "https://registry.npmjs.org/tweetnacl/-/tweetnacl-1.0.3.tgz",
      "integrity": "sha512-6rt+RN7aOi1nGMyC4Xa5DdYiukl2UWCbcJft7YhxReBGQD7OAM8Pbxw6YMo4r2diNEA8FEmu32YOn9rhaiE5yw==",
      "optional": true
    },
    "ws": {
      "version": "7.3.1",
      "resolved": "https://registry.npmjs.org/ws/-/ws-7.3.1.tgz",
      "integrity": "sha512-D3RuNkynyHmEJIpD2qrgVkc9DQ23OrN/moAwZX4L8DfvszsJxpjQuUq3LMx6HoYji9fbIOBY18XWBsAux1ZZUA=="
    }
  }
}
